
Microsoft Visual Studio Solution File, Format Version 12.00
# Visual Studio 15
VisualStudioVersion = 15.0.26124.0
MinimumVisualStudioVersion = 15.0.26124.0
Project("{FAE04EC0-301F-11D3-BF4B-00C04F79EFBC}") = "Text", "Text\Text.csproj", "{FAA2DF8C-60D8-4D57-9ECA-83782842B739}"
EndProject
Project("{FAE04EC0-301F-11D3-BF4B-00C04F79EFBC}") = "Text.Tests", "Text.Tests\Text.Tests.csproj", "{3518A6BC-90C2-4055-95DC-5B55AE962C67}"
EndProject
Global
	GlobalSection(SolutionConfigurationPlatforms) = preSolution
		Debug|Any CPU = Debug|Any CPU
		Debug|x64 = Debug|x64
		Debug|x86 = Debug|x86
		Release|Any CPU = Release|Any CPU
		Release|x64 = Release|x64
		Release|x86 = Release|x86
	EndGlobalSection
	GlobalSection(SolutionProperties) = preSolution
		HideSolutionNode = FALSE
	EndGlobalSection
	GlobalSection(ProjectConfigurationPlatforms) = postSolution
		{FAA2DF8C-60D8-4D57-9ECA-83782842B739}.Debug|Any CPU.ActiveCfg = Debug|Any CPU
		{FAA2DF8C-60D8-4D57-9ECA-83782842B739}.Debug|Any CPU.Build.0 = Debug|Any CPU
		{FAA2DF8C-60D8-4D57-9ECA-83782842B739}.Debug|x64.ActiveCfg = Debug|Any CPU
		{FAA2DF8C-60D8-4D57-9ECA-83782842B739}.Debug|x64.Build.0 = Debug|Any CPU
		{FAA2DF8C-60D8-4D57-9ECA-83782842B739}.Debug|x86.ActiveCfg = Debug|Any CPU
		{FAA2DF8C-60D8-4D57-9ECA-83782842B739}.Debug|x86.Build.0 = Debug|Any CPU
		{FAA2DF8C-60D8-4D57-9ECA-83782842B739}.Release|Any CPU.ActiveCfg = Release|Any CPU
		{FAA2DF8C-60D8-4D57-9ECA-83782842B739}.Release|Any CPU.Build.0 = Release|Any CPU
		{FAA2DF8C-60D8-4D57-9ECA-83782842B739}.Release|x64.ActiveCfg = Release|Any CPU
		{FAA2DF8C-60D8-4D57-9ECA-83782842B739}.Release|x64.Build.0 = Release|Any CPU
		{FAA2DF8C-60D8-4D57-9ECA-83782842B739}.Release|x86.ActiveCfg = Release|Any CPU
		{FAA2DF8C-60D8-4D57-9ECA-83782842B739}.Release|x86.Build.0 = Release|Any CPU
		{3518A6BC-90C2-4055-95DC-5B55AE962C67}.Debug|Any CPU.ActiveCfg = Debug|Any CPU
		{3518A6BC-90C2-4055-95DC-5B55AE962C67}.Debug|Any CPU.Build.0 = Debug|Any CPU
		{3518A6BC-90C2-4055-95DC-5B55AE962C67}.Debug|x64.ActiveCfg = Debug|Any CPU
		{3518A6BC-90C2-4055-95DC-5B55AE962C67}.Debug|x64.Build.0 = Debug|Any CPU
		{3518A6BC-90C2-4055-95DC-5B55AE962C67}.Debug|x86.ActiveCfg = Debug|Any CPU
		{3518A6BC-90C2-4055-95DC-5B55AE962C67}.Debug|x86.Build.0 = Debug|Any CPU
		{3518A6BC-90C2-4055-95DC-5B55AE962C67}.Release|Any CPU.ActiveCfg = Release|Any CPU
		{3518A6BC-90C2-4055-95DC-5B55AE962C67}.Release|Any CPU.Build.0 = Release|Any CPU
		{3518A6BC-90C2-4055-95DC-5B55AE962C67}.Release|x64.ActiveCfg = Release|Any CPU
		{3518A6BC-90C2-4055-95DC-5B55AE962C67}.Release|x64.Build.0 = Release|Any CPU
		{3518A6BC-90C2-4055-95DC-5B55AE962C67}.Release|x86.ActiveCfg = Release|Any CPU
		{3518A6BC-90C2-4055-95DC-5B55AE962C67}.Release|x86.Build.0 = Release|Any CPU
	EndGlobalSection
EndGlobal
